
Microsoft Visual Studio Solution File, Format Version 12.00
# Visual Studio Version 17
VisualStudioVersion = 17.11.35312.102
MinimumVisualStudioVersion = 10.0.40219.1
Project("{FAE04EC0-301F-11D3-BF4B-00C04F79EFBC}") = "VtdLab07bt2", "VtdLab07bt2\VtdLab07bt2.csproj", "{A58D1918-F51D-4DE4-B193-4045726C156E}"
EndProject
Global
	GlobalSection(SolutionConfigurationPlatforms) = preSolution
		Debug|Any CPU = Debug|Any CPU
		Release|Any CPU = Release|Any CPU
	EndGlobalSection
	GlobalSection(ProjectConfigurationPlatforms) = postSolution
		{A58D1918-F51D-4DE4-B193-4045726C156E}.Debug|Any CPU.ActiveCfg = Debug|Any CPU
		{A58D1918-F51D-4DE4-B193-4045726C156E}.Debug|Any CPU.Build.0 = Debug|Any CPU
		{A58D1918-F51D-4DE4-B193-4045726C156E}.Release|Any CPU.ActiveCfg = Release|Any CPU
		{A58D1918-F51D-4DE4-B193-4045726C156E}.Release|Any CPU.Build.0 = Release|Any CPU
	EndGlobalSection
	GlobalSection(SolutionProperties) = preSolution
		HideSolutionNode = FALSE
	EndGlobalSection
	GlobalSection(ExtensibilityGlobals) = postSolution
		SolutionGuid = {81AF859D-DFE7-4A03-96EE-594D255EF9E2}
	EndGlobalSection
EndGlobal
