
Microsoft Visual Studio Solution File, Format Version 12.00
# Visual Studio Version 17
VisualStudioVersion = 17.11.35312.102
MinimumVisualStudioVersion = 10.0.40219.1
Project("{FAE04EC0-301F-11D3-BF4B-00C04F79EFBC}") = "K23CNT3-VuTienDuc-BaiTX1", "K23CNT3-VuTienDuc-BaiTX1\K23CNT3-VuTienDuc-BaiTX1.csproj", "{26F96A88-3A33-4C37-B76C-58DD824D0537}"
EndProject
Global
	GlobalSection(SolutionConfigurationPlatforms) = preSolution
		Debug|Any CPU = Debug|Any CPU
		Release|Any CPU = Release|Any CPU
	EndGlobalSection
	GlobalSection(ProjectConfigurationPlatforms) = postSolution
		{26F96A88-3A33-4C37-B76C-58DD824D0537}.Debug|Any CPU.ActiveCfg = Debug|Any CPU
		{26F96A88-3A33-4C37-B76C-58DD824D0537}.Debug|Any CPU.Build.0 = Debug|Any CPU
		{26F96A88-3A33-4C37-B76C-58DD824D0537}.Release|Any CPU.ActiveCfg = Release|Any CPU
		{26F96A88-3A33-4C37-B76C-58DD824D0537}.Release|Any CPU.Build.0 = Release|Any CPU
	EndGlobalSection
	GlobalSection(SolutionProperties) = preSolution
		HideSolutionNode = FALSE
	EndGlobalSection
	GlobalSection(ExtensibilityGlobals) = postSolution
		SolutionGuid = {F1941E6F-72C6-43EC-B41C-39880F30326D}
	EndGlobalSection
EndGlobal
