
Microsoft Visual Studio Solution File, Format Version 12.00
# Visual Studio Version 17
VisualStudioVersion = 17.11.35312.102
MinimumVisualStudioVersion = 10.0.40219.1
Project("{FAE04EC0-301F-11D3-BF4B-00C04F79EFBC}") = "VtdLab02-bt", "VtdLab02-bt\VtdLab02-bt.csproj", "{870DA974-4BE7-4A29-AE4A-BD357C7FB84D}"
EndProject
Global
	GlobalSection(SolutionConfigurationPlatforms) = preSolution
		Debug|Any CPU = Debug|Any CPU
		Release|Any CPU = Release|Any CPU
	EndGlobalSection
	GlobalSection(ProjectConfigurationPlatforms) = postSolution
		{870DA974-4BE7-4A29-AE4A-BD357C7FB84D}.Debug|Any CPU.ActiveCfg = Debug|Any CPU
		{870DA974-4BE7-4A29-AE4A-BD357C7FB84D}.Debug|Any CPU.Build.0 = Debug|Any CPU
		{870DA974-4BE7-4A29-AE4A-BD357C7FB84D}.Release|Any CPU.ActiveCfg = Release|Any CPU
		{870DA974-4BE7-4A29-AE4A-BD357C7FB84D}.Release|Any CPU.Build.0 = Release|Any CPU
	EndGlobalSection
	GlobalSection(SolutionProperties) = preSolution
		HideSolutionNode = FALSE
	EndGlobalSection
	GlobalSection(ExtensibilityGlobals) = postSolution
		SolutionGuid = {269A0519-0DE4-419A-B2AC-086402B85DE1}
	EndGlobalSection
EndGlobal
